
Microsoft Visual Studio Solution File, Format Version 12.00
# Visual Studio Version 16
VisualStudioVersion = 16.0.32510.428
MinimumVisualStudioVersion = 10.0.40219.1
Project("{FAE04EC0-301F-11D3-BF4B-00C04F79EFBC}") = "EduHome", "EduHome\EduHome.csproj", "{36D1AFFE-ABF2-4A80-AB53-858A4A15DFC0}"
EndProject
Global
	GlobalSection(SolutionConfigurationPlatforms) = preSolution
		Debug|Any CPU = Debug|Any CPU
		Release|Any CPU = Release|Any CPU
	EndGlobalSection
	GlobalSection(ProjectConfigurationPlatforms) = postSolution
		{36D1AFFE-ABF2-4A80-AB53-858A4A15DFC0}.Debug|Any CPU.ActiveCfg = Debug|Any CPU
		{36D1AFFE-ABF2-4A80-AB53-858A4A15DFC0}.Debug|Any CPU.Build.0 = Debug|Any CPU
		{36D1AFFE-ABF2-4A80-AB53-858A4A15DFC0}.Release|Any CPU.ActiveCfg = Release|Any CPU
		{36D1AFFE-ABF2-4A80-AB53-858A4A15DFC0}.Release|Any CPU.Build.0 = Release|Any CPU
	EndGlobalSection
	GlobalSection(SolutionProperties) = preSolution
		HideSolutionNode = FALSE
	EndGlobalSection
	GlobalSection(ExtensibilityGlobals) = postSolution
		SolutionGuid = {907135F8-20C5-40A6-B8A8-5991499BDD79}
	EndGlobalSection
EndGlobal
